
Microsoft Visual Studio Solution File, Format Version 12.00
# Visual Studio Version 16
VisualStudioVersion = 16.0.30114.105
MinimumVisualStudioVersion = 10.0.40219.1
Project("{FAE04EC0-301F-11D3-BF4B-00C04F79EFBC}") = "ConsoleApp1", "ConsoleApp1.csproj", "{2C981903-E705-4871-9BA7-7DE218ED66BB}"
EndProject
Project("{FAE04EC0-301F-11D3-BF4B-00C04F79EFBC}") = "MissingLibrary1", "..\MissingLibrary1\MissingLibrary1.csproj", "{2A0DDE14-EE79-4606-A91B-25C3FFAA8A2B}"
EndProject
Project("{FAE04EC0-301F-11D3-BF4B-00C04F79EFBC}") = "DependentLibrary1", "..\DependentLibrary1\DependentLibrary1.csproj", "{272A28B6-EEA8-466B-9ECE-0F087D45EFCA}"
EndProject
Global
	GlobalSection(SolutionConfigurationPlatforms) = preSolution
		Debug|Any CPU = Debug|Any CPU
		Release|Any CPU = Release|Any CPU
	EndGlobalSection
	GlobalSection(ProjectConfigurationPlatforms) = postSolution
		{2C981903-E705-4871-9BA7-7DE218ED66BB}.Debug|Any CPU.ActiveCfg = Debug|Any CPU
		{2C981903-E705-4871-9BA7-7DE218ED66BB}.Debug|Any CPU.Build.0 = Debug|Any CPU
		{2C981903-E705-4871-9BA7-7DE218ED66BB}.Release|Any CPU.ActiveCfg = Release|Any CPU
		{2C981903-E705-4871-9BA7-7DE218ED66BB}.Release|Any CPU.Build.0 = Release|Any CPU
		{2A0DDE14-EE79-4606-A91B-25C3FFAA8A2B}.Debug|Any CPU.ActiveCfg = Debug|Any CPU
		{2A0DDE14-EE79-4606-A91B-25C3FFAA8A2B}.Debug|Any CPU.Build.0 = Debug|Any CPU
		{2A0DDE14-EE79-4606-A91B-25C3FFAA8A2B}.Release|Any CPU.ActiveCfg = Release|Any CPU
		{2A0DDE14-EE79-4606-A91B-25C3FFAA8A2B}.Release|Any CPU.Build.0 = Release|Any CPU
		{272A28B6-EEA8-466B-9ECE-0F087D45EFCA}.Debug|Any CPU.ActiveCfg = Debug|Any CPU
		{272A28B6-EEA8-466B-9ECE-0F087D45EFCA}.Debug|Any CPU.Build.0 = Debug|Any CPU
		{272A28B6-EEA8-466B-9ECE-0F087D45EFCA}.Release|Any CPU.ActiveCfg = Release|Any CPU
		{272A28B6-EEA8-466B-9ECE-0F087D45EFCA}.Release|Any CPU.Build.0 = Release|Any CPU
	EndGlobalSection
	GlobalSection(SolutionProperties) = preSolution
		HideSolutionNode = FALSE
	EndGlobalSection
	GlobalSection(ExtensibilityGlobals) = postSolution
		SolutionGuid = {1B3235E3-DDB6-4AEC-8077-68696A048F33}
	EndGlobalSection
EndGlobal
